// !$*UTF8*$!
{
	archiveVersion = 1;
	classes = {
	};
	objectVersion = 50;
	objects = {

/* Begin PBXBuildFile section */
		0F03DD932235559700821B6A /* UICollectionView+Extensions.swift in Sources */ = {isa = PBXBuildFile; fileRef = 0F03DD922235559700821B6A /* UICollectionView+Extensions.swift */; };
		0F03DD972235565F00821B6A /* WordSearchGridCell.swift in Sources */ = {isa = PBXBuildFile; fileRef = 0F03DD952235565F00821B6A /* WordSearchGridCell.swift */; };
		0F03DD982235565F00821B6A /* WordSearchGridCell.xib in Resources */ = {isa = PBXBuildFile; fileRef = 0F03DD962235565F00821B6A /* WordSearchGridCell.xib */; };
		0F03DD9A22355CAF00821B6A /* WordSearchGridFlowLayout.swift in Sources */ = {isa = PBXBuildFile; fileRef = 0F03DD9922355CAF00821B6A /* WordSearchGridFlowLayout.swift */; };
		0F03DD9D2235B89600821B6A /* WordSearchHeaderView.swift in Sources */ = {isa = PBXBuildFile; fileRef = 0F03DD9C2235B89600821B6A /* WordSearchHeaderView.swift */; };
		0F03DD9F2235B9BD00821B6A /* WordSearchHeaderViewModel.swift in Sources */ = {isa = PBXBuildFile; fileRef = 0F03DD9E2235B9BD00821B6A /* WordSearchHeaderViewModel.swift */; };
		0F13CA532232C12B00B38D2C /* AppDelegate.swift in Sources */ = {isa = PBXBuildFile; fileRef = 0F13CA522232C12B00B38D2C /* AppDelegate.swift */; };
		0F13CA552232C12B00B38D2C /* WordSearchViewController.swift in Sources */ = {isa = PBXBuildFile; fileRef = 0F13CA542232C12B00B38D2C /* WordSearchViewController.swift */; };
		0F13CA582232C12B00B38D2C /* WordSearch.storyboard in Resources */ = {isa = PBXBuildFile; fileRef = 0F13CA562232C12B00B38D2C /* WordSearch.storyboard */; };
		0F13CA5A2232C12D00B38D2C /* Assets.xcassets in Resources */ = {isa = PBXBuildFile; fileRef = 0F13CA592232C12D00B38D2C /* Assets.xcassets */; };
		0F13CA5D2232C12D00B38D2C /* LaunchScreen.storyboard in Resources */ = {isa = PBXBuildFile; fileRef = 0F13CA5B2232C12D00B38D2C /* LaunchScreen.storyboard */; };
		0F13CA8622330A8700B38D2C /* json_structures.txt in Resources */ = {isa = PBXBuildFile; fileRef = 0F13CA8522330A8700B38D2C /* json_structures.txt */; };
		0F13CA8A2233E0B400B38D2C /* Result.swift in Sources */ = {isa = PBXBuildFile; fileRef = 0F13CA892233E0B400B38D2C /* Result.swift */; };
		0F13CA8B2233E0BF00B38D2C /* Result.swift in Sources */ = {isa = PBXBuildFile; fileRef = 0F13CA892233E0B400B38D2C /* Result.swift */; };
		0F13CA8E2233E0E200B38D2C /* ResultTests.swift in Sources */ = {isa = PBXBuildFile; fileRef = 0F13CA8D2233E0E200B38D2C /* ResultTests.swift */; };
		0F13CA902233E2AA00B38D2C /* Networking.swift in Sources */ = {isa = PBXBuildFile; fileRef = 0F13CA8F2233E2AA00B38D2C /* Networking.swift */; };
		0F13CA922233E2DA00B38D2C /* Endpoint.swift in Sources */ = {isa = PBXBuildFile; fileRef = 0F13CA912233E2DA00B38D2C /* Endpoint.swift */; };
		0F13CA942233E2F600B38D2C /* Endpoint.swift in Sources */ = {isa = PBXBuildFile; fileRef = 0F13CA912233E2DA00B38D2C /* Endpoint.swift */; };
		0F13CA972233E32200B38D2C /* EndpointTests.swift in Sources */ = {isa = PBXBuildFile; fileRef = 0F13CA962233E32200B38D2C /* EndpointTests.swift */; };
		0F13CA992233E36100B38D2C /* HTTPMethod.swift in Sources */ = {isa = PBXBuildFile; fileRef = 0F13CA982233E36100B38D2C /* HTTPMethod.swift */; };
		0F13CA9A2233E36100B38D2C /* HTTPMethod.swift in Sources */ = {isa = PBXBuildFile; fileRef = 0F13CA982233E36100B38D2C /* HTTPMethod.swift */; };
		0F13CA9B2233E39D00B38D2C /* Networking.swift in Sources */ = {isa = PBXBuildFile; fileRef = 0F13CA8F2233E2AA00B38D2C /* Networking.swift */; };
		0F13CA9D2233E69700B38D2C /* NetworkingManager.swift in Sources */ = {isa = PBXBuildFile; fileRef = 0F13CA9C2233E69700B38D2C /* NetworkingManager.swift */; };
		0F13CA9E2233E69700B38D2C /* NetworkingManager.swift in Sources */ = {isa = PBXBuildFile; fileRef = 0F13CA9C2233E69700B38D2C /* NetworkingManager.swift */; };
		0F13CAA32233EA3D00B38D2C /* NetworkingError.swift in Sources */ = {isa = PBXBuildFile; fileRef = 0F13CAA22233EA3D00B38D2C /* NetworkingError.swift */; };
		0F13CAA42233EBC400B38D2C /* NetworkingError.swift in Sources */ = {isa = PBXBuildFile; fileRef = 0F13CAA22233EA3D00B38D2C /* NetworkingError.swift */; };
		0F13CAA62233EC5000B38D2C /* WordSearchResource.swift in Sources */ = {isa = PBXBuildFile; fileRef = 0F13CAA52233EC5000B38D2C /* WordSearchResource.swift */; };
		0F13CAA82233ECCC00B38D2C /* WordSearchChallenge.swift in Sources */ = {isa = PBXBuildFile; fileRef = 0F13CAA72233ECCC00B38D2C /* WordSearchChallenge.swift */; };
		0F13CAA92233ECCC00B38D2C /* WordSearchChallenge.swift in Sources */ = {isa = PBXBuildFile; fileRef = 0F13CAA72233ECCC00B38D2C /* WordSearchChallenge.swift */; };
		0F13CAAB2233ED3B00B38D2C /* WordSearchRemoteResource.swift in Sources */ = {isa = PBXBuildFile; fileRef = 0F13CAAA2233ED3B00B38D2C /* WordSearchRemoteResource.swift */; };
		0F13CAAD2233EDE200B38D2C /* WordSearchStaticResource.swift in Sources */ = {isa = PBXBuildFile; fileRef = 0F13CAAC2233EDE200B38D2C /* WordSearchStaticResource.swift */; };
		0F13CAB52233F73900B38D2C /* HTTPMethodTests.swift in Sources */ = {isa = PBXBuildFile; fileRef = 0F13CAB42233F73900B38D2C /* HTTPMethodTests.swift */; };
		0F13CABA2234013700B38D2C /* JSONParsable.swift in Sources */ = {isa = PBXBuildFile; fileRef = 0F13CAB92234013700B38D2C /* JSONParsable.swift */; };
		0F13CABC2234016400B38D2C /* JSONParser.swift in Sources */ = {isa = PBXBuildFile; fileRef = 0F13CABB2234016400B38D2C /* JSONParser.swift */; };
		0F13CABF223413C200B38D2C /* FileReadable.swift in Sources */ = {isa = PBXBuildFile; fileRef = 0F13CABE223413C200B38D2C /* FileReadable.swift */; };
		0F13CAC1223413E200B38D2C /* FileReader.swift in Sources */ = {isa = PBXBuildFile; fileRef = 0F13CAC0223413E200B38D2C /* FileReader.swift */; };
		0F13CAC32234157700B38D2C /* NetworkingErrorTests.swift in Sources */ = {isa = PBXBuildFile; fileRef = 0F13CAC22234157700B38D2C /* NetworkingErrorTests.swift */; };
		0F13CAC62234199300B38D2C /* JSONParserTests.swift in Sources */ = {isa = PBXBuildFile; fileRef = 0F13CAC52234199300B38D2C /* JSONParserTests.swift */; };
		0F13CAC8223419D000B38D2C /* FileType.swift in Sources */ = {isa = PBXBuildFile; fileRef = 0F13CAC7223419D000B38D2C /* FileType.swift */; };
		0F13CACC22341A3000B38D2C /* FileReaderTests.swift in Sources */ = {isa = PBXBuildFile; fileRef = 0F13CACB22341A3000B38D2C /* FileReaderTests.swift */; };
		0F13CACD22341A4500B38D2C /* FileReadable.swift in Sources */ = {isa = PBXBuildFile; fileRef = 0F13CABE223413C200B38D2C /* FileReadable.swift */; };
		0F13CACE22341A4900B38D2C /* FileReader.swift in Sources */ = {isa = PBXBuildFile; fileRef = 0F13CAC0223413E200B38D2C /* FileReader.swift */; };
		0F13CACF22341A4C00B38D2C /* FileType.swift in Sources */ = {isa = PBXBuildFile; fileRef = 0F13CAC7223419D000B38D2C /* FileType.swift */; };
		0F13CAD122341C1200B38D2C /* JSONParsable.swift in Sources */ = {isa = PBXBuildFile; fileRef = 0F13CAB92234013700B38D2C /* JSONParsable.swift */; };
		0F13CAD222341C1500B38D2C /* JSONParser.swift in Sources */ = {isa = PBXBuildFile; fileRef = 0F13CABB2234016400B38D2C /* JSONParser.swift */; };
		0F13CAD52234231300B38D2C /* FileTypeTests.swift in Sources */ = {isa = PBXBuildFile; fileRef = 0F13CAD42234231300B38D2C /* FileTypeTests.swift */; };
		0F13CAD8223423E000B38D2C /* FileReaderError.swift in Sources */ = {isa = PBXBuildFile; fileRef = 0F13CAD7223423E000B38D2C /* FileReaderError.swift */; };
		0F13CAD9223423E000B38D2C /* FileReaderError.swift in Sources */ = {isa = PBXBuildFile; fileRef = 0F13CAD7223423E000B38D2C /* FileReaderError.swift */; };
		0F13CADB2234241500B38D2C /* FileReaderErrorTests.swift in Sources */ = {isa = PBXBuildFile; fileRef = 0F13CADA2234241500B38D2C /* FileReaderErrorTests.swift */; };
		0F13CADE223427E200B38D2C /* WordSearchResourceTests.swift in Sources */ = {isa = PBXBuildFile; fileRef = 0F13CADD223427E200B38D2C /* WordSearchResourceTests.swift */; };
		0F13CADF2234286500B38D2C /* WordSearchStaticResource.swift in Sources */ = {isa = PBXBuildFile; fileRef = 0F13CAAC2233EDE200B38D2C /* WordSearchStaticResource.swift */; };
		0F13CAE0223429E100B38D2C /* WordSearchResource.swift in Sources */ = {isa = PBXBuildFile; fileRef = 0F13CAA52233EC5000B38D2C /* WordSearchResource.swift */; };
		0F13CAE422342D4C00B38D2C /* WordSearchGridController.swift in Sources */ = {isa = PBXBuildFile; fileRef = 0F13CAE322342D4C00B38D2C /* WordSearchGridController.swift */; };
		0F13CAE922344B3B00B38D2C /* CharacterLocation.swift in Sources */ = {isa = PBXBuildFile; fileRef = 0F13CAE822344B3B00B38D2C /* CharacterLocation.swift */; };
		0F13CAEA22344B3B00B38D2C /* CharacterLocation.swift in Sources */ = {isa = PBXBuildFile; fileRef = 0F13CAE822344B3B00B38D2C /* CharacterLocation.swift */; };
		0F13CAED22344B6900B38D2C /* CharacterLocationTests.swift in Sources */ = {isa = PBXBuildFile; fileRef = 0F13CAEC22344B6900B38D2C /* CharacterLocationTests.swift */; };
		0F13CAEF2234695300B38D2C /* WordInformation.swift in Sources */ = {isa = PBXBuildFile; fileRef = 0F13CAEE2234695300B38D2C /* WordInformation.swift */; };
		0F13CAF02234695300B38D2C /* WordInformation.swift in Sources */ = {isa = PBXBuildFile; fileRef = 0F13CAEE2234695300B38D2C /* WordInformation.swift */; };
		0F13CAF22234CF7D00B38D2C /* WordInformationTests.swift in Sources */ = {isa = PBXBuildFile; fileRef = 0F13CAF12234CF7D00B38D2C /* WordInformationTests.swift */; };
		0F13CAF3223544AE00B38D2C /* WordSearchGridController.swift in Sources */ = {isa = PBXBuildFile; fileRef = 0F13CAE322342D4C00B38D2C /* WordSearchGridController.swift */; };
		0F13CAF422354EB900B38D2C /* WordSearchGridControllerTests.swift in Sources */ = {isa = PBXBuildFile; fileRef = 0F13CAE622342D6700B38D2C /* WordSearchGridControllerTests.swift */; };
		0FD3B5A0223704E1000D1FB6 /* json_structures.txt in Resources */ = {isa = PBXBuildFile; fileRef = 0F13CA8522330A8700B38D2C /* json_structures.txt */; };
/* End PBXBuildFile section */

/* Begin PBXContainerItemProxy section */
		0F13CA642232C12D00B38D2C /* PBXContainerItemProxy */ = {
			isa = PBXContainerItemProxy;
			containerPortal = 0F13CA472232C12B00B38D2C /* Project object */;
			proxyType = 1;
			remoteGlobalIDString = 0F13CA4E2232C12B00B38D2C;
			remoteInfo = Duolingo;
		};
/* End PBXContainerItemProxy section */

/* Begin PBXFileReference section */
		0F03DD922235559700821B6A /* UICollectionView+Extensions.swift */ = {isa = PBXFileReference; lastKnownFileType = sourcecode.swift; path = "UICollectionView+Extensions.swift"; sourceTree = "<group>"; };
		0F03DD952235565F00821B6A /* WordSearchGridCell.swift */ = {isa = PBXFileReference; lastKnownFileType = sourcecode.swift; path = WordSearchGridCell.swift; sourceTree = "<group>"; };
		0F03DD962235565F00821B6A /* WordSearchGridCell.xib */ = {isa = PBXFileReference; lastKnownFileType = file.xib; path = WordSearchGridCell.xib; sourceTree = "<group>"; };
		0F03DD9922355CAF00821B6A /* WordSearchGridFlowLayout.swift */ = {isa = PBXFileReference; lastKnownFileType = sourcecode.swift; path = WordSearchGridFlowLayout.swift; sourceTree = "<group>"; };
		0F03DD9C2235B89600821B6A /* WordSearchHeaderView.swift */ = {isa = PBXFileReference; lastKnownFileType = sourcecode.swift; path = WordSearchHeaderView.swift; sourceTree = "<group>"; };
		0F03DD9E2235B9BD00821B6A /* WordSearchHeaderViewModel.swift */ = {isa = PBXFileReference; lastKnownFileType = sourcecode.swift; path = WordSearchHeaderViewModel.swift; sourceTree = "<group>"; };
		0F13CA4F2232C12B00B38D2C /* Word Search.app */ = {isa = PBXFileReference; explicitFileType = wrapper.application; includeInIndex = 0; path = "Word Search.app"; sourceTree = BUILT_PRODUCTS_DIR; };
		0F13CA522232C12B00B38D2C /* AppDelegate.swift */ = {isa = PBXFileReference; lastKnownFileType = sourcecode.swift; path = AppDelegate.swift; sourceTree = "<group>"; };
		0F13CA542232C12B00B38D2C /* WordSearchViewController.swift */ = {isa = PBXFileReference; lastKnownFileType = sourcecode.swift; path = WordSearchViewController.swift; sourceTree = "<group>"; };
		0F13CA572232C12B00B38D2C /* Base */ = {isa = PBXFileReference; lastKnownFileType = file.storyboard; name = Base; path = Base.lproj/WordSearch.storyboard; sourceTree = "<group>"; };
		0F13CA592232C12D00B38D2C /* Assets.xcassets */ = {isa = PBXFileReference; lastKnownFileType = folder.assetcatalog; path = Assets.xcassets; sourceTree = "<group>"; };
		0F13CA5C2232C12D00B38D2C /* Base */ = {isa = PBXFileReference; lastKnownFileType = file.storyboard; name = Base; path = Base.lproj/LaunchScreen.storyboard; sourceTree = "<group>"; };
		0F13CA5E2232C12D00B38D2C /* Info.plist */ = {isa = PBXFileReference; lastKnownFileType = text.plist.xml; path = Info.plist; sourceTree = "<group>"; };
		0F13CA632232C12D00B38D2C /* Word SearchTests.xctest */ = {isa = PBXFileReference; explicitFileType = wrapper.cfbundle; includeInIndex = 0; path = "Word SearchTests.xctest"; sourceTree = BUILT_PRODUCTS_DIR; };
		0F13CA692232C12D00B38D2C /* Info.plist */ = {isa = PBXFileReference; lastKnownFileType = text.plist.xml; path = Info.plist; sourceTree = "<group>"; };
		0F13CA8522330A8700B38D2C /* json_structures.txt */ = {isa = PBXFileReference; fileEncoding = 4; lastKnownFileType = text; lineEnding = 0; path = json_structures.txt; sourceTree = "<group>"; usesTabs = 0; wrapsLines = 0; };
		0F13CA892233E0B400B38D2C /* Result.swift */ = {isa = PBXFileReference; lastKnownFileType = sourcecode.swift; path = Result.swift; sourceTree = "<group>"; };
		0F13CA8D2233E0E200B38D2C /* ResultTests.swift */ = {isa = PBXFileReference; lastKnownFileType = sourcecode.swift; path = ResultTests.swift; sourceTree = "<group>"; };
		0F13CA8F2233E2AA00B38D2C /* Networking.swift */ = {isa = PBXFileReference; lastKnownFileType = sourcecode.swift; path = Networking.swift; sourceTree = "<group>"; };
		0F13CA912233E2DA00B38D2C /* Endpoint.swift */ = {isa = PBXFileReference; lastKnownFileType = sourcecode.swift; path = Endpoint.swift; sourceTree = "<group>"; };
		0F13CA962233E32200B38D2C /* EndpointTests.swift */ = {isa = PBXFileReference; lastKnownFileType = sourcecode.swift; path = EndpointTests.swift; sourceTree = "<group>"; };
		0F13CA982233E36100B38D2C /* HTTPMethod.swift */ = {isa = PBXFileReference; lastKnownFileType = sourcecode.swift; path = HTTPMethod.swift; sourceTree = "<group>"; };
		0F13CA9C2233E69700B38D2C /* NetworkingManager.swift */ = {isa = PBXFileReference; lastKnownFileType = sourcecode.swift; path = NetworkingManager.swift; sourceTree = "<group>"; };
		0F13CAA22233EA3D00B38D2C /* NetworkingError.swift */ = {isa = PBXFileReference; lastKnownFileType = sourcecode.swift; path = NetworkingError.swift; sourceTree = "<group>"; };
		0F13CAA52233EC5000B38D2C /* WordSearchResource.swift */ = {isa = PBXFileReference; lastKnownFileType = sourcecode.swift; path = WordSearchResource.swift; sourceTree = "<group>"; };
		0F13CAA72233ECCC00B38D2C /* WordSearchChallenge.swift */ = {isa = PBXFileReference; lastKnownFileType = sourcecode.swift; path = WordSearchChallenge.swift; sourceTree = "<group>"; };
		0F13CAAA2233ED3B00B38D2C /* WordSearchRemoteResource.swift */ = {isa = PBXFileReference; lastKnownFileType = sourcecode.swift; path = WordSearchRemoteResource.swift; sourceTree = "<group>"; };
		0F13CAAC2233EDE200B38D2C /* WordSearchStaticResource.swift */ = {isa = PBXFileReference; lastKnownFileType = sourcecode.swift; path = WordSearchStaticResource.swift; sourceTree = "<group>"; };
		0F13CAB42233F73900B38D2C /* HTTPMethodTests.swift */ = {isa = PBXFileReference; lastKnownFileType = sourcecode.swift; path = HTTPMethodTests.swift; sourceTree = "<group>"; };
		0F13CAB92234013700B38D2C /* JSONParsable.swift */ = {isa = PBXFileReference; lastKnownFileType = sourcecode.swift; path = JSONParsable.swift; sourceTree = "<group>"; };
		0F13CABB2234016400B38D2C /* JSONParser.swift */ = {isa = PBXFileReference; lastKnownFileType = sourcecode.swift; path = JSONParser.swift; sourceTree = "<group>"; };
		0F13CABE223413C200B38D2C /* FileReadable.swift */ = {isa = PBXFileReference; lastKnownFileType = sourcecode.swift; path = FileReadable.swift; sourceTree = "<group>"; };
		0F13CAC0223413E200B38D2C /* FileReader.swift */ = {isa = PBXFileReference; lastKnownFileType = sourcecode.swift; path = FileReader.swift; sourceTree = "<group>"; };
		0F13CAC22234157700B38D2C /* NetworkingErrorTests.swift */ = {isa = PBXFileReference; lastKnownFileType = sourcecode.swift; path = NetworkingErrorTests.swift; sourceTree = "<group>"; };
		0F13CAC52234199300B38D2C /* JSONParserTests.swift */ = {isa = PBXFileReference; lastKnownFileType = sourcecode.swift; path = JSONParserTests.swift; sourceTree = "<group>"; };
		0F13CAC7223419D000B38D2C /* FileType.swift */ = {isa = PBXFileReference; lastKnownFileType = sourcecode.swift; path = FileType.swift; sourceTree = "<group>"; };
		0F13CACB22341A3000B38D2C /* FileReaderTests.swift */ = {isa = PBXFileReference; lastKnownFileType = sourcecode.swift; path = FileReaderTests.swift; sourceTree = "<group>"; };
		0F13CAD42234231300B38D2C /* FileTypeTests.swift */ = {isa = PBXFileReference; lastKnownFileType = sourcecode.swift; path = FileTypeTests.swift; sourceTree = "<group>"; };
		0F13CAD7223423E000B38D2C /* FileReaderError.swift */ = {isa = PBXFileReference; lastKnownFileType = sourcecode.swift; path = FileReaderError.swift; sourceTree = "<group>"; };
		0F13CADA2234241500B38D2C /* FileReaderErrorTests.swift */ = {isa = PBXFileReference; lastKnownFileType = sourcecode.swift; path = FileReaderErrorTests.swift; sourceTree = "<group>"; };
		0F13CADD223427E200B38D2C /* WordSearchResourceTests.swift */ = {isa = PBXFileReference; lastKnownFileType = sourcecode.swift; path = WordSearchResourceTests.swift; sourceTree = "<group>"; };
		0F13CAE322342D4C00B38D2C /* WordSearchGridController.swift */ = {isa = PBXFileReference; lastKnownFileType = sourcecode.swift; path = WordSearchGridController.swift; sourceTree = "<group>"; };
		0F13CAE622342D6700B38D2C /* WordSearchGridControllerTests.swift */ = {isa = PBXFileReference; lastKnownFileType = sourcecode.swift; path = WordSearchGridControllerTests.swift; sourceTree = "<group>"; };
		0F13CAE822344B3B00B38D2C /* CharacterLocation.swift */ = {isa = PBXFileReference; lastKnownFileType = sourcecode.swift; path = CharacterLocation.swift; sourceTree = "<group>"; };
		0F13CAEC22344B6900B38D2C /* CharacterLocationTests.swift */ = {isa = PBXFileReference; lastKnownFileType = sourcecode.swift; path = CharacterLocationTests.swift; sourceTree = "<group>"; };
		0F13CAEE2234695300B38D2C /* WordInformation.swift */ = {isa = PBXFileReference; lastKnownFileType = sourcecode.swift; path = WordInformation.swift; sourceTree = "<group>"; };
		0F13CAF12234CF7D00B38D2C /* WordInformationTests.swift */ = {isa = PBXFileReference; lastKnownFileType = sourcecode.swift; path = WordInformationTests.swift; sourceTree = "<group>"; };
/* End PBXFileReference section */

/* Begin PBXFrameworksBuildPhase section */
		0F13CA4C2232C12B00B38D2C /* Frameworks */ = {
			isa = PBXFrameworksBuildPhase;
			buildActionMask = 2147483647;
			files = (
			);
			runOnlyForDeploymentPostprocessing = 0;
		};
		0F13CA602232C12D00B38D2C /* Frameworks */ = {
			isa = PBXFrameworksBuildPhase;
			buildActionMask = 2147483647;
			files = (
			);
			runOnlyForDeploymentPostprocessing = 0;
		};
/* End PBXFrameworksBuildPhase section */

/* Begin PBXGroup section */
		0F03DD942235562700821B6A /* Views */ = {
			isa = PBXGroup;
			children = (
				0F03DD9B2235B86700821B6A /* Grid Cells */,
				0F03DD9C2235B89600821B6A /* WordSearchHeaderView.swift */,
				0F03DD9E2235B9BD00821B6A /* WordSearchHeaderViewModel.swift */,
			);
			path = Views;
			sourceTree = "<group>";
		};
		0F03DD9B2235B86700821B6A /* Grid Cells */ = {
			isa = PBXGroup;
			children = (
				0F03DD952235565F00821B6A /* WordSearchGridCell.swift */,
				0F03DD962235565F00821B6A /* WordSearchGridCell.xib */,
				0F03DD9922355CAF00821B6A /* WordSearchGridFlowLayout.swift */,
			);
			path = "Grid Cells";
			sourceTree = "<group>";
		};
		0F13CA462232C12B00B38D2C = {
			isa = PBXGroup;
			children = (
				0F13CA512232C12B00B38D2C /* Word Search */,
				0F13CA662232C12D00B38D2C /* DuolingoTests */,
				0F13CA502232C12B00B38D2C /* Products */,
			);
			sourceTree = "<group>";
		};
		0F13CA502232C12B00B38D2C /* Products */ = {
			isa = PBXGroup;
			children = (
				0F13CA4F2232C12B00B38D2C /* Word Search.app */,
				0F13CA632232C12D00B38D2C /* Word SearchTests.xctest */,
			);
			name = Products;
			sourceTree = "<group>";
		};
		0F13CA512232C12B00B38D2C /* Word Search */ = {
			isa = PBXGroup;
			children = (
				0F13CA522232C12B00B38D2C /* AppDelegate.swift */,
				0F13CA722232C18900B38D2C /* Features */,
				0F13CA7B2232C2B800B38D2C /* Resources */,
				0F13CA762232C25300B38D2C /* Utility */,
			);
			path = "Word Search";
			sourceTree = "<group>";
		};
		0F13CA662232C12D00B38D2C /* DuolingoTests */ = {
			isa = PBXGroup;
			children = (
				0F13CA8022330A4700B38D2C /* Features */,
				0F13CAD62234238A00B38D2C /* Resources */,
				0F13CA8C2233E0CE00B38D2C /* Utility */,
			);
			path = DuolingoTests;
			sourceTree = "<group>";
		};
		0F13CA722232C18900B38D2C /* Features */ = {
			isa = PBXGroup;
			children = (
				0F13CA732232C1AF00B38D2C /* Word Search */,
			);
			path = Features;
			sourceTree = "<group>";
		};
		0F13CA732232C1AF00B38D2C /* Word Search */ = {
			isa = PBXGroup;
			children = (
				0F03DD942235562700821B6A /* Views */,
				0F13CA7F2232C46A00B38D2C /* Controllers */,
				0F13CA742232C20000B38D2C /* Models */,
				0F13CA7E2232C38800B38D2C /* Networking Requests */,
			);
			path = "Word Search";
			sourceTree = "<group>";
		};
		0F13CA742232C20000B38D2C /* Models */ = {
			isa = PBXGroup;
			children = (
				0F13CAE822344B3B00B38D2C /* CharacterLocation.swift */,
				0F13CAEE2234695300B38D2C /* WordInformation.swift */,
				0F13CAA72233ECCC00B38D2C /* WordSearchChallenge.swift */,
			);
			path = Models;
			sourceTree = "<group>";
		};
		0F13CA762232C25300B38D2C /* Utility */ = {
			isa = PBXGroup;
			children = (
				0F13CA772232C26300B38D2C /* Extensions */,
				0F13CABD223413B300B38D2C /* File Reader */,
				0F13CA7A2232C29200B38D2C /* JSON Parser */,
				0F13CA792232C28300B38D2C /* Networking */,
				0F13CA892233E0B400B38D2C /* Result.swift */,
			);
			path = Utility;
			sourceTree = "<group>";
		};
		0F13CA772232C26300B38D2C /* Extensions */ = {
			isa = PBXGroup;
			children = (
				0F03DD922235559700821B6A /* UICollectionView+Extensions.swift */,
			);
			path = Extensions;
			sourceTree = "<group>";
		};
		0F13CA792232C28300B38D2C /* Networking */ = {
			isa = PBXGroup;
			children = (
				0F13CA912233E2DA00B38D2C /* Endpoint.swift */,
				0F13CA982233E36100B38D2C /* HTTPMethod.swift */,
				0F13CA8F2233E2AA00B38D2C /* Networking.swift */,
				0F13CA9C2233E69700B38D2C /* NetworkingManager.swift */,
				0F13CAA22233EA3D00B38D2C /* NetworkingError.swift */,
			);
			path = Networking;
			sourceTree = "<group>";
		};
		0F13CA7A2232C29200B38D2C /* JSON Parser */ = {
			isa = PBXGroup;
			children = (
				0F13CAB92234013700B38D2C /* JSONParsable.swift */,
				0F13CABB2234016400B38D2C /* JSONParser.swift */,
			);
			path = "JSON Parser";
			sourceTree = "<group>";
		};
		0F13CA7B2232C2B800B38D2C /* Resources */ = {
			isa = PBXGroup;
			children = (
				0F13CA592232C12D00B38D2C /* Assets.xcassets */,
				0F13CA5E2232C12D00B38D2C /* Info.plist */,
				0F13CA7C2232C2C100B38D2C /* Storyboards */,
			);
			path = Resources;
			sourceTree = "<group>";
		};
		0F13CA7C2232C2C100B38D2C /* Storyboards */ = {
			isa = PBXGroup;
			children = (
				0F13CA5B2232C12D00B38D2C /* LaunchScreen.storyboard */,
				0F13CA562232C12B00B38D2C /* WordSearch.storyboard */,
			);
			path = Storyboards;
			sourceTree = "<group>";
		};
		0F13CA7E2232C38800B38D2C /* Networking Requests */ = {
			isa = PBXGroup;
			children = (
				0F13CAA52233EC5000B38D2C /* WordSearchResource.swift */,
				0F13CAAA2233ED3B00B38D2C /* WordSearchRemoteResource.swift */,
				0F13CAAC2233EDE200B38D2C /* WordSearchStaticResource.swift */,
			);
			path = "Networking Requests";
			sourceTree = "<group>";
		};
		0F13CA7F2232C46A00B38D2C /* Controllers */ = {
			isa = PBXGroup;
			children = (
				0F13CAE322342D4C00B38D2C /* WordSearchGridController.swift */,
				0F13CA542232C12B00B38D2C /* WordSearchViewController.swift */,
			);
			path = Controllers;
			sourceTree = "<group>";
		};
		0F13CA8022330A4700B38D2C /* Features */ = {
			isa = PBXGroup;
			children = (
				0F13CA8122330A5200B38D2C /* Word Search */,
			);
			path = Features;
			sourceTree = "<group>";
		};
		0F13CA8122330A5200B38D2C /* Word Search */ = {
			isa = PBXGroup;
			children = (
				0F13CA8522330A8700B38D2C /* json_structures.txt */,
				0F13CA8422330A7200B38D2C /* Controllers */,
				0F13CAEB22344B5700B38D2C /* Models */,
				0F13CADC223427BC00B38D2C /* Networking Requests */,
			);
			path = "Word Search";
			sourceTree = "<group>";
		};
		0F13CA8422330A7200B38D2C /* Controllers */ = {
			isa = PBXGroup;
			children = (
				0F13CAE622342D6700B38D2C /* WordSearchGridControllerTests.swift */,
			);
			path = Controllers;
			sourceTree = "<group>";
		};
		0F13CA8C2233E0CE00B38D2C /* Utility */ = {
			isa = PBXGroup;
			children = (
				0F13CACA223419FC00B38D2C /* File Reader */,
				0F13CAC42234197100B38D2C /* JSON Parser */,
				0F13CA952233E31100B38D2C /* Networking */,
				0F13CA8D2233E0E200B38D2C /* ResultTests.swift */,
			);
			path = Utility;
			sourceTree = "<group>";
		};
		0F13CA952233E31100B38D2C /* Networking */ = {
			isa = PBXGroup;
			children = (
				0F13CA962233E32200B38D2C /* EndpointTests.swift */,
				0F13CAB42233F73900B38D2C /* HTTPMethodTests.swift */,
				0F13CAC22234157700B38D2C /* NetworkingErrorTests.swift */,
			);
			path = Networking;
			sourceTree = "<group>";
		};
		0F13CABD223413B300B38D2C /* File Reader */ = {
			isa = PBXGroup;
			children = (
				0F13CABE223413C200B38D2C /* FileReadable.swift */,
				0F13CAC0223413E200B38D2C /* FileReader.swift */,
				0F13CAD7223423E000B38D2C /* FileReaderError.swift */,
				0F13CAC7223419D000B38D2C /* FileType.swift */,
			);
			path = "File Reader";
			sourceTree = "<group>";
		};
		0F13CAC42234197100B38D2C /* JSON Parser */ = {
			isa = PBXGroup;
			children = (
				0F13CAC52234199300B38D2C /* JSONParserTests.swift */,
			);
			path = "JSON Parser";
			sourceTree = "<group>";
		};
		0F13CACA223419FC00B38D2C /* File Reader */ = {
			isa = PBXGroup;
			children = (
				0F13CACB22341A3000B38D2C /* FileReaderTests.swift */,
				0F13CAD42234231300B38D2C /* FileTypeTests.swift */,
				0F13CADA2234241500B38D2C /* FileReaderErrorTests.swift */,
			);
			path = "File Reader";
			sourceTree = "<group>";
		};
		0F13CAD62234238A00B38D2C /* Resources */ = {
			isa = PBXGroup;
			children = (
				0F13CA692232C12D00B38D2C /* Info.plist */,
			);
			path = Resources;
			sourceTree = "<group>";
		};
		0F13CADC223427BC00B38D2C /* Networking Requests */ = {
			isa = PBXGroup;
			children = (
				0F13CADD223427E200B38D2C /* WordSearchResourceTests.swift */,
			);
			path = "Networking Requests";
			sourceTree = "<group>";
		};
		0F13CAEB22344B5700B38D2C /* Models */ = {
			isa = PBXGroup;
			children = (
				0F13CAEC22344B6900B38D2C /* CharacterLocationTests.swift */,
				0F13CAF12234CF7D00B38D2C /* WordInformationTests.swift */,
			);
			path = Models;
			sourceTree = "<group>";
		};
/* End PBXGroup section */

/* Begin PBXNativeTarget section */
		0F13CA4E2232C12B00B38D2C /* Word Search */ = {
			isa = PBXNativeTarget;
			buildConfigurationList = 0F13CA6C2232C12D00B38D2C /* Build configuration list for PBXNativeTarget "Word Search" */;
			buildPhases = (
				0F13CA4B2232C12B00B38D2C /* Sources */,
				0F13CA4C2232C12B00B38D2C /* Frameworks */,
				0F13CA4D2232C12B00B38D2C /* Resources */,
			);
			buildRules = (
			);
			dependencies = (
			);
			name = "Word Search";
			productName = Duolingo;
			productReference = 0F13CA4F2232C12B00B38D2C /* Word Search.app */;
			productType = "com.apple.product-type.application";
		};
		0F13CA622232C12D00B38D2C /* Word SearchTests */ = {
			isa = PBXNativeTarget;
			buildConfigurationList = 0F13CA6F2232C12D00B38D2C /* Build configuration list for PBXNativeTarget "Word SearchTests" */;
			buildPhases = (
				0F13CA5F2232C12D00B38D2C /* Sources */,
				0F13CA602232C12D00B38D2C /* Frameworks */,
				0F13CA612232C12D00B38D2C /* Resources */,
			);
			buildRules = (
			);
			dependencies = (
				0F13CA652232C12D00B38D2C /* PBXTargetDependency */,
			);
			name = "Word SearchTests";
			productName = DuolingoTests;
			productReference = 0F13CA632232C12D00B38D2C /* Word SearchTests.xctest */;
			productType = "com.apple.product-type.bundle.unit-test";
		};
/* End PBXNativeTarget section */

/* Begin PBXProject section */
		0F13CA472232C12B00B38D2C /* Project object */ = {
			isa = PBXProject;
			attributes = {
				LastSwiftUpdateCheck = 1010;
				LastUpgradeCheck = 1010;
				ORGANIZATIONNAME = brunoagatte;
				TargetAttributes = {
					0F13CA4E2232C12B00B38D2C = {
						CreatedOnToolsVersion = 10.1;
					};
					0F13CA622232C12D00B38D2C = {
						CreatedOnToolsVersion = 10.1;
						TestTargetID = 0F13CA4E2232C12B00B38D2C;
					};
				};
			};
			buildConfigurationList = 0F13CA4A2232C12B00B38D2C /* Build configuration list for PBXProject "Word Search" */;
			compatibilityVersion = "Xcode 9.3";
			developmentRegion = en;
			hasScannedForEncodings = 0;
			knownRegions = (
				en,
				Base,
			);
			mainGroup = 0F13CA462232C12B00B38D2C;
			productRefGroup = 0F13CA502232C12B00B38D2C /* Products */;
			projectDirPath = "";
			projectRoot = "";
			targets = (
				0F13CA4E2232C12B00B38D2C /* Word Search */,
				0F13CA622232C12D00B38D2C /* Word SearchTests */,
			);
		};
/* End PBXProject section */

/* Begin PBXResourcesBuildPhase section */
		0F13CA4D2232C12B00B38D2C /* Resources */ = {
			isa = PBXResourcesBuildPhase;
			buildActionMask = 2147483647;
			files = (
				0FD3B5A0223704E1000D1FB6 /* json_structures.txt in Resources */,
				0F03DD982235565F00821B6A /* WordSearchGridCell.xib in Resources */,
				0F13CA5D2232C12D00B38D2C /* LaunchScreen.storyboard in Resources */,
				0F13CA5A2232C12D00B38D2C /* Assets.xcassets in Resources */,
				0F13CA582232C12B00B38D2C /* WordSearch.storyboard in Resources */,
			);
			runOnlyForDeploymentPostprocessing = 0;
		};
		0F13CA612232C12D00B38D2C /* Resources */ = {
			isa = PBXResourcesBuildPhase;
			buildActionMask = 2147483647;
			files = (
				0F13CA8622330A8700B38D2C /* json_structures.txt in Resources */,
			);
			runOnlyForDeploymentPostprocessing = 0;
		};
/* End PBXResourcesBuildPhase section */

/* Begin PBXSourcesBuildPhase section */
		0F13CA4B2232C12B00B38D2C /* Sources */ = {
			isa = PBXSourcesBuildPhase;
			buildActionMask = 2147483647;
			files = (
				0F13CA8A2233E0B400B38D2C /* Result.swift in Sources */,
				0F13CAA82233ECCC00B38D2C /* WordSearchChallenge.swift in Sources */,
				0F13CABC2234016400B38D2C /* JSONParser.swift in Sources */,
				0F03DD972235565F00821B6A /* WordSearchGridCell.swift in Sources */,
				0F13CA552232C12B00B38D2C /* WordSearchViewController.swift in Sources */,
				0F03DD932235559700821B6A /* UICollectionView+Extensions.swift in Sources */,
				0F13CABF223413C200B38D2C /* FileReadable.swift in Sources */,
				0F13CAE422342D4C00B38D2C /* WordSearchGridController.swift in Sources */,
				0F13CA992233E36100B38D2C /* HTTPMethod.swift in Sources */,
				0F13CA532232C12B00B38D2C /* AppDelegate.swift in Sources */,
				0F13CAD8223423E000B38D2C /* FileReaderError.swift in Sources */,
				0F13CAEF2234695300B38D2C /* WordInformation.swift in Sources */,
				0F03DD9D2235B89600821B6A /* WordSearchHeaderView.swift in Sources */,
				0F03DD9F2235B9BD00821B6A /* WordSearchHeaderViewModel.swift in Sources */,
				0F13CABA2234013700B38D2C /* JSONParsable.swift in Sources */,
				0F13CAA32233EA3D00B38D2C /* NetworkingError.swift in Sources */,
				0F13CAA62233EC5000B38D2C /* WordSearchResource.swift in Sources */,
				0F03DD9A22355CAF00821B6A /* WordSearchGridFlowLayout.swift in Sources */,
				0F13CAE922344B3B00B38D2C /* CharacterLocation.swift in Sources */,
				0F13CA902233E2AA00B38D2C /* Networking.swift in Sources */,
				0F13CAAD2233EDE200B38D2C /* WordSearchStaticResource.swift in Sources */,
				0F13CA922233E2DA00B38D2C /* Endpoint.swift in Sources */,
				0F13CAC8223419D000B38D2C /* FileType.swift in Sources */,
				0F13CA9D2233E69700B38D2C /* NetworkingManager.swift in Sources */,
				0F13CAC1223413E200B38D2C /* FileReader.swift in Sources */,
				0F13CAAB2233ED3B00B38D2C /* WordSearchRemoteResource.swift in Sources */,
			);
			runOnlyForDeploymentPostprocessing = 0;
		};
		0F13CA5F2232C12D00B38D2C /* Sources */ = {
			isa = PBXSourcesBuildPhase;
			buildActionMask = 2147483647;
			files = (
				0F13CA8E2233E0E200B38D2C /* ResultTests.swift in Sources */,
				0F13CAD122341C1200B38D2C /* JSONParsable.swift in Sources */,
				0F13CAD222341C1500B38D2C /* JSONParser.swift in Sources */,
				0F13CA942233E2F600B38D2C /* Endpoint.swift in Sources */,
				0F13CAA42233EBC400B38D2C /* NetworkingError.swift in Sources */,
				0F13CAC32234157700B38D2C /* NetworkingErrorTests.swift in Sources */,
				0F13CAA92233ECCC00B38D2C /* WordSearchChallenge.swift in Sources */,
				0F13CAB52233F73900B38D2C /* HTTPMethodTests.swift in Sources */,
				0F13CAF02234695300B38D2C /* WordInformation.swift in Sources */,
				0F13CACE22341A4900B38D2C /* FileReader.swift in Sources */,
				0F13CAD9223423E000B38D2C /* FileReaderError.swift in Sources */,
				0F13CADB2234241500B38D2C /* FileReaderErrorTests.swift in Sources */,
				0F13CAED22344B6900B38D2C /* CharacterLocationTests.swift in Sources */,
				0F13CAF422354EB900B38D2C /* WordSearchGridControllerTests.swift in Sources */,
				0F13CADE223427E200B38D2C /* WordSearchResourceTests.swift in Sources */,
				0F13CAC62234199300B38D2C /* JSONParserTests.swift in Sources */,
				0F13CAF22234CF7D00B38D2C /* WordInformationTests.swift in Sources */,
				0F13CA972233E32200B38D2C /* EndpointTests.swift in Sources */,
				0F13CADF2234286500B38D2C /* WordSearchStaticResource.swift in Sources */,
				0F13CAEA22344B3B00B38D2C /* CharacterLocation.swift in Sources */,
				0F13CA9B2233E39D00B38D2C /* Networking.swift in Sources */,
				0F13CAF3223544AE00B38D2C /* WordSearchGridController.swift in Sources */,
				0F13CACD22341A4500B38D2C /* FileReadable.swift in Sources */,
				0F13CACF22341A4C00B38D2C /* FileType.swift in Sources */,
				0F13CACC22341A3000B38D2C /* FileReaderTests.swift in Sources */,
				0F13CAD52234231300B38D2C /* FileTypeTests.swift in Sources */,
				0F13CA9A2233E36100B38D2C /* HTTPMethod.swift in Sources */,
				0F13CAE0223429E100B38D2C /* WordSearchResource.swift in Sources */,
				0F13CA8B2233E0BF00B38D2C /* Result.swift in Sources */,
				0F13CA9E2233E69700B38D2C /* NetworkingManager.swift in Sources */,
			);
			runOnlyForDeploymentPostprocessing = 0;
		};
/* End PBXSourcesBuildPhase section */

/* Begin PBXTargetDependency section */
		0F13CA652232C12D00B38D2C /* PBXTargetDependency */ = {
			isa = PBXTargetDependency;
			target = 0F13CA4E2232C12B00B38D2C /* Word Search */;
			targetProxy = 0F13CA642232C12D00B38D2C /* PBXContainerItemProxy */;
		};
/* End PBXTargetDependency section */

/* Begin PBXVariantGroup section */
		0F13CA562232C12B00B38D2C /* WordSearch.storyboard */ = {
			isa = PBXVariantGroup;
			children = (
				0F13CA572232C12B00B38D2C /* Base */,
			);
			name = WordSearch.storyboard;
			sourceTree = "<group>";
		};
		0F13CA5B2232C12D00B38D2C /* LaunchScreen.storyboard */ = {
			isa = PBXVariantGroup;
			children = (
				0F13CA5C2232C12D00B38D2C /* Base */,
			);
			name = LaunchScreen.storyboard;
			sourceTree = "<group>";
		};
/* End PBXVariantGroup section */

/* Begin XCBuildConfiguration section */
		0F13CA6A2232C12D00B38D2C /* Debug */ = {
			isa = XCBuildConfiguration;
			buildSettings = {
				ALWAYS_SEARCH_USER_PATHS = NO;
				CLANG_ANALYZER_NONNULL = YES;
				CLANG_ANALYZER_NUMBER_OBJECT_CONVERSION = YES_AGGRESSIVE;
				CLANG_CXX_LANGUAGE_STANDARD = "gnu++14";
				CLANG_CXX_LIBRARY = "libc++";
				CLANG_ENABLE_MODULES = YES;
				CLANG_ENABLE_OBJC_ARC = YES;
				CLANG_ENABLE_OBJC_WEAK = YES;
				CLANG_WARN_BLOCK_CAPTURE_AUTORELEASING = YES;
				CLANG_WARN_BOOL_CONVERSION = YES;
				CLANG_WARN_COMMA = YES;
				CLANG_WARN_CONSTANT_CONVERSION = YES;
				CLANG_WARN_DEPRECATED_OBJC_IMPLEMENTATIONS = YES;
				CLANG_WARN_DIRECT_OBJC_ISA_USAGE = YES_ERROR;
				CLANG_WARN_DOCUMENTATION_COMMENTS = YES;
				CLANG_WARN_EMPTY_BODY = YES;
				CLANG_WARN_ENUM_CONVERSION = YES;
				CLANG_WARN_INFINITE_RECURSION = YES;
				CLANG_WARN_INT_CONVERSION = YES;
				CLANG_WARN_NON_LITERAL_NULL_CONVERSION = YES;
				CLANG_WARN_OBJC_IMPLICIT_RETAIN_SELF = YES;
				CLANG_WARN_OBJC_LITERAL_CONVERSION = YES;
				CLANG_WARN_OBJC_ROOT_CLASS = YES_ERROR;
				CLANG_WARN_RANGE_LOOP_ANALYSIS = YES;
				CLANG_WARN_STRICT_PROTOTYPES = YES;
				CLANG_WARN_SUSPICIOUS_MOVE = YES;
				CLANG_WARN_UNGUARDED_AVAILABILITY = YES_AGGRESSIVE;
				CLANG_WARN_UNREACHABLE_CODE = YES;
				CLANG_WARN__DUPLICATE_METHOD_MATCH = YES;
				CODE_SIGN_IDENTITY = "iPhone Developer";
				COPY_PHASE_STRIP = NO;
				DEBUG_INFORMATION_FORMAT = dwarf;
				ENABLE_STRICT_OBJC_MSGSEND = YES;
				ENABLE_TESTABILITY = YES;
				GCC_C_LANGUAGE_STANDARD = gnu11;
				GCC_DYNAMIC_NO_PIC = NO;
				GCC_NO_COMMON_BLOCKS = YES;
				GCC_OPTIMIZATION_LEVEL = 0;
				GCC_PREPROCESSOR_DEFINITIONS = (
					"DEBUG=1",
					"$(inherited)",
				);
				GCC_WARN_64_TO_32_BIT_CONVERSION = YES;
				GCC_WARN_ABOUT_RETURN_TYPE = YES_ERROR;
				GCC_WARN_UNDECLARED_SELECTOR = YES;
				GCC_WARN_UNINITIALIZED_AUTOS = YES_AGGRESSIVE;
				GCC_WARN_UNUSED_FUNCTION = YES;
				GCC_WARN_UNUSED_VARIABLE = YES;
				IPHONEOS_DEPLOYMENT_TARGET = 12.1;
				MTL_ENABLE_DEBUG_INFO = INCLUDE_SOURCE;
				MTL_FAST_MATH = YES;
				ONLY_ACTIVE_ARCH = YES;
				SDKROOT = iphoneos;
				SWIFT_ACTIVE_COMPILATION_CONDITIONS = DEBUG;
				SWIFT_OPTIMIZATION_LEVEL = "-Onone";
			};
			name = Debug;
		};
		0F13CA6B2232C12D00B38D2C /* Release */ = {
			isa = XCBuildConfiguration;
			buildSettings = {
				ALWAYS_SEARCH_USER_PATHS = NO;
				CLANG_ANALYZER_NONNULL = YES;
				CLANG_ANALYZER_NUMBER_OBJECT_CONVERSION = YES_AGGRESSIVE;
				CLANG_CXX_LANGUAGE_STANDARD = "gnu++14";
				CLANG_CXX_LIBRARY = "libc++";
				CLANG_ENABLE_MODULES = YES;
				CLANG_ENABLE_OBJC_ARC = YES;
				CLANG_ENABLE_OBJC_WEAK = YES;
				CLANG_WARN_BLOCK_CAPTURE_AUTORELEASING = YES;
				CLANG_WARN_BOOL_CONVERSION = YES;
				CLANG_WARN_COMMA = YES;
				CLANG_WARN_CONSTANT_CONVERSION = YES;
				CLANG_WARN_DEPRECATED_OBJC_IMPLEMENTATIONS = YES;
				CLANG_WARN_DIRECT_OBJC_ISA_USAGE = YES_ERROR;
				CLANG_WARN_DOCUMENTATION_COMMENTS = YES;
				CLANG_WARN_EMPTY_BODY = YES;
				CLANG_WARN_ENUM_CONVERSION = YES;
				CLANG_WARN_INFINITE_RECURSION = YES;
				CLANG_WARN_INT_CONVERSION = YES;
				CLANG_WARN_NON_LITERAL_NULL_CONVERSION = YES;
				CLANG_WARN_OBJC_IMPLICIT_RETAIN_SELF = YES;
				CLANG_WARN_OBJC_LITERAL_CONVERSION = YES;
				CLANG_WARN_OBJC_ROOT_CLASS = YES_ERROR;
				CLANG_WARN_RANGE_LOOP_ANALYSIS = YES;
				CLANG_WARN_STRICT_PROTOTYPES = YES;
				CLANG_WARN_SUSPICIOUS_MOVE = YES;
				CLANG_WARN_UNGUARDED_AVAILABILITY = YES_AGGRESSIVE;
				CLANG_WARN_UNREACHABLE_CODE = YES;
				CLANG_WARN__DUPLICATE_METHOD_MATCH = YES;
				CODE_SIGN_IDENTITY = "iPhone Developer";
				COPY_PHASE_STRIP = NO;
				DEBUG_INFORMATION_FORMAT = "dwarf-with-dsym";
				ENABLE_NS_ASSERTIONS = NO;
				ENABLE_STRICT_OBJC_MSGSEND = YES;
				GCC_C_LANGUAGE_STANDARD = gnu11;
				GCC_NO_COMMON_BLOCKS = YES;
				GCC_WARN_64_TO_32_BIT_CONVERSION = YES;
				GCC_WARN_ABOUT_RETURN_TYPE = YES_ERROR;
				GCC_WARN_UNDECLARED_SELECTOR = YES;
				GCC_WARN_UNINITIALIZED_AUTOS = YES_AGGRESSIVE;
				GCC_WARN_UNUSED_FUNCTION = YES;
				GCC_WARN_UNUSED_VARIABLE = YES;
				IPHONEOS_DEPLOYMENT_TARGET = 12.1;
				MTL_ENABLE_DEBUG_INFO = NO;
				MTL_FAST_MATH = YES;
				SDKROOT = iphoneos;
				SWIFT_COMPILATION_MODE = wholemodule;
				SWIFT_OPTIMIZATION_LEVEL = "-O";
				VALIDATE_PRODUCT = YES;
			};
			name = Release;
		};
		0F13CA6D2232C12D00B38D2C /* Debug */ = {
			isa = XCBuildConfiguration;
			buildSettings = {
				ASSETCATALOG_COMPILER_APPICON_NAME = AppIcon;
				CODE_SIGN_STYLE = Automatic;
				DEVELOPMENT_TEAM = 5SB5PKK43B;
				INFOPLIST_FILE = "Word Search/Resources/Info.plist";
				IPHONEOS_DEPLOYMENT_TARGET = 11.0;
				LD_RUNPATH_SEARCH_PATHS = (
					"$(inherited)",
					"@executable_path/Frameworks",
				);
				PRODUCT_BUNDLE_IDENTIFIER = com.agatte.WordSearch;
				PRODUCT_NAME = "$(TARGET_NAME)";
				SWIFT_VERSION = 4.2;
				TARGETED_DEVICE_FAMILY = "1,2";
			};
			name = Debug;
		};
		0F13CA6E2232C12D00B38D2C /* Release */ = {
			isa = XCBuildConfiguration;
			buildSettings = {
				ASSETCATALOG_COMPILER_APPICON_NAME = AppIcon;
				CODE_SIGN_STYLE = Automatic;
				DEVELOPMENT_TEAM = 5SB5PKK43B;
				INFOPLIST_FILE = "Word Search/Resources/Info.plist";
				IPHONEOS_DEPLOYMENT_TARGET = 11.0;
				LD_RUNPATH_SEARCH_PATHS = (
					"$(inherited)",
					"@executable_path/Frameworks",
				);
				PRODUCT_BUNDLE_IDENTIFIER = com.agatte.WordSearch;
				PRODUCT_NAME = "$(TARGET_NAME)";
				SWIFT_VERSION = 4.2;
				TARGETED_DEVICE_FAMILY = "1,2";
			};
			name = Release;
		};
		0F13CA702232C12D00B38D2C /* Debug */ = {
			isa = XCBuildConfiguration;
			buildSettings = {
				ALWAYS_EMBED_SWIFT_STANDARD_LIBRARIES = YES;
				BUNDLE_LOADER = "$(TEST_HOST)";
				CODE_SIGN_STYLE = Automatic;
				INFOPLIST_FILE = "Word Search/Resources/Info.plist";
				LD_RUNPATH_SEARCH_PATHS = (
					"$(inherited)",
					"@executable_path/Frameworks",
					"@loader_path/Frameworks",
				);
				PRODUCT_BUNDLE_IDENTIFIER = com.agatte.DuolingoTests;
				PRODUCT_NAME = "$(TARGET_NAME)";
				SWIFT_VERSION = 4.2;
				TARGETED_DEVICE_FAMILY = "1,2";
				TEST_HOST = "$(BUILT_PRODUCTS_DIR)/Word Search.app/Word Search";
			};
			name = Debug;
		};
		0F13CA712232C12D00B38D2C /* Release */ = {
			isa = XCBuildConfiguration;
			buildSettings = {
				ALWAYS_EMBED_SWIFT_STANDARD_LIBRARIES = YES;
				BUNDLE_LOADER = "$(TEST_HOST)";
				CODE_SIGN_STYLE = Automatic;
				INFOPLIST_FILE = "Word Search/Resources/Info.plist";
				LD_RUNPATH_SEARCH_PATHS = (
					"$(inherited)",
					"@executable_path/Frameworks",
					"@loader_path/Frameworks",
				);
				PRODUCT_BUNDLE_IDENTIFIER = com.agatte.DuolingoTests;
				PRODUCT_NAME = "$(TARGET_NAME)";
				SWIFT_VERSION = 4.2;
				TARGETED_DEVICE_FAMILY = "1,2";
				TEST_HOST = "$(BUILT_PRODUCTS_DIR)/Word Search.app/Word Search";
			};
			name = Release;
		};
/* End XCBuildConfiguration section */

/* Begin XCConfigurationList section */
		0F13CA4A2232C12B00B38D2C /* Build configuration list for PBXProject "Word Search" */ = {
			isa = XCConfigurationList;
			buildConfigurations = (
				0F13CA6A2232C12D00B38D2C /* Debug */,
				0F13CA6B2232C12D00B38D2C /* Release */,
			);
			defaultConfigurationIsVisible = 0;
			defaultConfigurationName = Release;
		};
		0F13CA6C2232C12D00B38D2C /* Build configuration list for PBXNativeTarget "Word Search" */ = {
			isa = XCConfigurationList;
			buildConfigurations = (
				0F13CA6D2232C12D00B38D2C /* Debug */,
				0F13CA6E2232C12D00B38D2C /* Release */,
			);
			defaultConfigurationIsVisible = 0;
			defaultConfigurationName = Release;
		};
		0F13CA6F2232C12D00B38D2C /* Build configuration list for PBXNativeTarget "Word SearchTests" */ = {
			isa = XCConfigurationList;
			buildConfigurations = (
				0F13CA702232C12D00B38D2C /* Debug */,
				0F13CA712232C12D00B38D2C /* Release */,
			);
			defaultConfigurationIsVisible = 0;
			defaultConfigurationName = Release;
		};
/* End XCConfigurationList section */
	};
	rootObject = 0F13CA472232C12B00B38D2C /* Project object */;
}
